
Microsoft Visual Studio Solution File, Format Version 12.00
# Visual Studio Version 17
VisualStudioVersion = 17.7.34024.191
MinimumVisualStudioVersion = 10.0.40219.1
Project("{9A19103F-16F7-4668-BE54-9A1E7A4F7556}") = "NotoriousTest", "NotoriousTest\NotoriousTest.csproj", "{053731D2-ECD8-42F8-8CAA-4AA81F50284E}"
EndProject
Project("{9A19103F-16F7-4668-BE54-9A1E7A4F7556}") = "NotoriousTest.SampleProject", "NotoriousTest.SampleProject\NotoriousTest.SampleProject.csproj", "{A3191AF8-2FF3-4DF4-BBEE-DF4B6C650953}"
EndProject
Project("{9A19103F-16F7-4668-BE54-9A1E7A4F7556}") = "NotoriousTest.SampleProject.Tests", "NotoriousTest.SampleProject.Tests\NotoriousTest.SampleProject.Tests.csproj", "{A3CB1378-5964-4C6C-98A5-BA62C99EDFC1}"
EndProject
Project("{2150E333-8FDC-42A3-9474-1A3956D46DE8}") = "Éléments de solution", "Éléments de solution", "{DEE908A6-8A85-4C15-9F67-1EE6B2DD7A71}"
	ProjectSection(SolutionItems) = preProject
		CHANGELOG.md = CHANGELOG.md
		NotoriousTest\LICENSE.txt = NotoriousTest\LICENSE.txt
		README.md = README.md
	EndProjectSection
EndProject
Project("{FAE04EC0-301F-11D3-BF4B-00C04F79EFBC}") = "NotoriousTest.UnitTests", "NotoriousTest.UnitTests\NotoriousTest.UnitTests.csproj", "{7F79448A-2487-4CBF-8879-0D8D45C90E0F}"
EndProject
Project("{2150E333-8FDC-42A3-9474-1A3956D46DE8}") = "Tests", "Tests", "{AE5B5A5C-13BA-48C8-8216-F5C85DB68D26}"
EndProject
Project("{2150E333-8FDC-42A3-9474-1A3956D46DE8}") = "LiveTest", "LiveTest", "{62E4D68F-207B-48BF-9349-97ECC046B144}"
EndProject
Global
	GlobalSection(SolutionConfigurationPlatforms) = preSolution
		Debug|Any CPU = Debug|Any CPU
		Release|Any CPU = Release|Any CPU
	EndGlobalSection
	GlobalSection(ProjectConfigurationPlatforms) = postSolution
		{053731D2-ECD8-42F8-8CAA-4AA81F50284E}.Debug|Any CPU.ActiveCfg = Debug|Any CPU
		{053731D2-ECD8-42F8-8CAA-4AA81F50284E}.Debug|Any CPU.Build.0 = Debug|Any CPU
		{053731D2-ECD8-42F8-8CAA-4AA81F50284E}.Release|Any CPU.ActiveCfg = Release|Any CPU
		{053731D2-ECD8-42F8-8CAA-4AA81F50284E}.Release|Any CPU.Build.0 = Release|Any CPU
		{A3191AF8-2FF3-4DF4-BBEE-DF4B6C650953}.Debug|Any CPU.ActiveCfg = Debug|Any CPU
		{A3191AF8-2FF3-4DF4-BBEE-DF4B6C650953}.Debug|Any CPU.Build.0 = Debug|Any CPU
		{A3191AF8-2FF3-4DF4-BBEE-DF4B6C650953}.Release|Any CPU.ActiveCfg = Release|Any CPU
		{A3191AF8-2FF3-4DF4-BBEE-DF4B6C650953}.Release|Any CPU.Build.0 = Release|Any CPU
		{A3CB1378-5964-4C6C-98A5-BA62C99EDFC1}.Debug|Any CPU.ActiveCfg = Debug|Any CPU
		{A3CB1378-5964-4C6C-98A5-BA62C99EDFC1}.Debug|Any CPU.Build.0 = Debug|Any CPU
		{A3CB1378-5964-4C6C-98A5-BA62C99EDFC1}.Release|Any CPU.ActiveCfg = Release|Any CPU
		{A3CB1378-5964-4C6C-98A5-BA62C99EDFC1}.Release|Any CPU.Build.0 = Release|Any CPU
		{7F79448A-2487-4CBF-8879-0D8D45C90E0F}.Debug|Any CPU.ActiveCfg = Debug|Any CPU
		{7F79448A-2487-4CBF-8879-0D8D45C90E0F}.Debug|Any CPU.Build.0 = Debug|Any CPU
		{7F79448A-2487-4CBF-8879-0D8D45C90E0F}.Release|Any CPU.ActiveCfg = Release|Any CPU
		{7F79448A-2487-4CBF-8879-0D8D45C90E0F}.Release|Any CPU.Build.0 = Release|Any CPU
	EndGlobalSection
	GlobalSection(SolutionProperties) = preSolution
		HideSolutionNode = FALSE
	EndGlobalSection
	GlobalSection(NestedProjects) = preSolution
		{A3191AF8-2FF3-4DF4-BBEE-DF4B6C650953} = {62E4D68F-207B-48BF-9349-97ECC046B144}
		{A3CB1378-5964-4C6C-98A5-BA62C99EDFC1} = {62E4D68F-207B-48BF-9349-97ECC046B144}
		{7F79448A-2487-4CBF-8879-0D8D45C90E0F} = {AE5B5A5C-13BA-48C8-8216-F5C85DB68D26}
	EndGlobalSection
	GlobalSection(ExtensibilityGlobals) = postSolution
		SolutionGuid = {9230E1AA-3FEA-4309-9FCD-DAB6E3C1AD5B}
	EndGlobalSection
EndGlobal
