{
  "version": 2,
  "dependencies": {
    "net9.0": {
      "coverlet.collector": {
        "type": "Direct",
        "requested": "[8.0.1, )",
        "resolved": "8.0.1",
        "contentHash": "heVQl5tKYnnIDYlR1QMVGueYH6iriZTcZB6AjDczQNwZzxkjDIt9C84Pt4cCiZYrbo7jkZOYGWbs6Lo9wAtVLg=="
      },
      "Microsoft.NET.Test.Sdk": {
        "type": "Direct",
        "requested": "[18.3.0, )",
        "resolved": "18.3.0",
        "contentHash": "xW3kXuWRQtgoxJp4J+gdhHSQyK+6Wb/AZDSd7lMvuMRYlZ1tnpkojyfZlWilB5G4dmZ0Y0ZxU/M23TlubndNkw==",
        "dependencies": {
          "Microsoft.CodeCoverage": "18.3.0",
          "Microsoft.TestPlatform.TestHost": "18.3.0"
        }
      },
      "Respawn": {
        "type": "Direct",
        "requested": "[7.0.0, )",
        "resolved": "7.0.0",
        "contentHash": "AyWlducZGOnmlEVz4PaL3Qv8wcY3ClPZS9CrlDnSVahGd/E9tTEgSFiC8yoV/F6o6P6IYm8xnHFa/vmWT8tfcw=="
      },
      "xunit.runner.visualstudio": {
        "type": "Direct",
        "requested": "[3.1.5, )",
        "resolved": "3.1.5",
        "contentHash": "tKi7dSTwP4m5m9eXPM2Ime4Kn7xNf4x4zT9sdLO/G4hZVnQCRiMTWoSZqI/pYTVeI27oPPqHBKYI/DjJ9GsYgA=="
      },
      "xunit.v3": {
        "type": "Direct",
        "requested": "[3.2.2, )",
        "resolved": "3.2.2",
        "contentHash": "L+4/4y0Uqcg8/d6hfnxhnwh4j9FaeULvefTwrk30rr1o4n/vdPfyUQ8k0yzH8VJx7bmFEkDdcRfbtbjEHlaYcA==",
        "dependencies": {
          "xunit.v3.mtp-v1": "[3.2.2]"
        }
      },
      "BouncyCastle.Cryptography": {
        "type": "Transitive",
        "resolved": "2.6.2",
        "contentHash": "7oWOcvnntmMKNzDLsdxAYqApt+AjpRpP2CShjMfIa3umZ42UQMvH0tl1qAliYPNYO6vTdcGMqnRrCPmsfzTI1w=="
      },
      "Docker.DotNet.Enhanced": {
        "type": "Transitive",
        "resolved": "3.131.1",
        "contentHash": "hGLHCNUsQbT2Ab/HUznRnNqYZQs40zInXa3eLwYjeNyfUYbw1pqqDGqcOLl5uGepS8IuigEYakEdAcVT/2ezYg==",
        "dependencies": {
          "Microsoft.Extensions.Logging.Abstractions": "8.0.3"
        }
      },
      "Docker.DotNet.Enhanced.X509": {
        "type": "Transitive",
        "resolved": "3.131.1",
        "contentHash": "8FU7zmttFQzp0xb0EPupxQ0nGtC2cTpukgh3jMxMT8luj5TSDyzIKTnroDpXCjpg9P2fV+6JIvC+IetsMEfyBA==",
        "dependencies": {
          "Docker.DotNet.Enhanced": "3.131.1"
        }
      },
      "Microsoft.ApplicationInsights": {
        "type": "Transitive",
        "resolved": "2.23.0",
        "contentHash": "nWArUZTdU7iqZLycLKWe0TDms48KKGE6pONH2terYNa8REXiqixrMOkf1sk5DHGMaUTqONU2YkS4SAXBhLStgw==",
        "dependencies": {
          "System.Diagnostics.DiagnosticSource": "5.0.0"
        }
      },
      "Microsoft.AspNetCore.Mvc.Testing": {
        "type": "Transitive",
        "resolved": "9.0.14",
        "contentHash": "XpeqwlZIELGpH6qf35KI/F8V291K+YC5IIYtOVQ0I7EXwTy/IWt6+1Vpac5g5dgL7K1YXNRUuLv/5RrJCilahQ==",
        "dependencies": {
          "Microsoft.AspNetCore.TestHost": "9.0.14",
          "Microsoft.Extensions.DependencyModel": "9.0.14",
          "Microsoft.Extensions.Hosting": "9.0.14"
        }
      },
      "Microsoft.AspNetCore.TestHost": {
        "type": "Transitive",
        "resolved": "9.0.14",
        "contentHash": "4cHPhn6YoGhSpztc4k+zPmZBQ8maAChhlJsVQUBImXC/2iPkk9dG1U4HtKfhnZHyp/81bcTXWDY2E+jfONlrCg=="
      },
      "Microsoft.Bcl.AsyncInterfaces": {
        "type": "Transitive",
        "resolved": "6.0.0",
        "contentHash": "UcSjPsst+DfAdJGVDsu346FX0ci0ah+lw3WRtn18NUwEqRt70HaOQ7lI72vy3+1LxtqI3T5GWwV39rQSrCzAeg=="
      },
      "Microsoft.Bcl.Cryptography": {
        "type": "Transitive",
        "resolved": "9.0.13",
        "contentHash": "5T+bH3Lb1nEe8Hf/ixMxLmhlrx5wRi53wv7OhVwG2F1ZviW1ejFRS1NHur3uqPpJRGtkQwUchtY6zhVK2R+v+w=="
      },
      "Microsoft.CodeCoverage": {
        "type": "Transitive",
        "resolved": "18.3.0",
        "contentHash": "23BNy/vziREC20Wwhb50K7+kZe0m07KlLWDQv4qjJ9tt3QjpDpDIqJFrhYHmMEo9xDkuSp55U/8h4bMF7MiB+g=="
      },
      "Microsoft.Data.SqlClient.Extensions.Abstractions": {
        "type": "Transitive",
        "resolved": "1.0.0",
        "contentHash": "rlnxc0KfwDSbE8ZHntFnl8SCgOa9QtJZblMv2zXLhRwl1Je7fsdsVzxSjzzC4JMsfAK+jXJWyezRB8SxUY4BdA==",
        "dependencies": {
          "Microsoft.Data.SqlClient.Internal.Logging": "1.0.0"
        }
      },
      "Microsoft.Data.SqlClient.Internal.Logging": {
        "type": "Transitive",
        "resolved": "1.0.0",
        "contentHash": "Kue/7CF8KNT9zozfr30C94dMZVZml3atqWZvQemSXvTau76tRdypzeKiBKXadqgbOME0UiQIyVTNo5WxCRNVNg=="
      },
      "Microsoft.Data.SqlClient.SNI.runtime": {
        "type": "Transitive",
        "resolved": "6.0.2",
        "contentHash": "f+pRODTWX7Y67jXO3T5S2dIPZ9qMJNySjlZT/TKmWVNWe19N8jcWmHaqHnnchaq3gxEKv1SWVY5EFzOD06l41w=="
      },
      "Microsoft.Extensions.ApiDescription.Server": {
        "type": "Transitive",
        "resolved": "6.0.5",
        "contentHash": "Ckb5EDBUNJdFWyajfXzUIMRkhf52fHZOQuuZg/oiu8y7zDCVwD0iHhew6MnThjHmevanpxL3f5ci2TtHQEN6bw=="
      },
      "Microsoft.Extensions.Caching.Abstractions": {
        "type": "Transitive",
        "resolved": "9.0.13",
        "contentHash": "nTT90JYIpcXEy6fcU8LPVycONkO6wipROgP9pyC4uxBif4fazu2rDzlWSntqtzr5p8GbQL2EopsYuTZR3yoeag==",
        "dependencies": {
          "Microsoft.Extensions.Primitives": "9.0.13"
        }
      },
      "Microsoft.Extensions.Caching.Memory": {
        "type": "Transitive",
        "resolved": "9.0.13",
        "contentHash": "OdQmN8LYcUEu20Fxii9mk68nHJGL+JPXF3w0+hxenf0oDDdDBA+ZV/S92FmIgAWAElowIiFA/g0x+8YB1g80Hg==",
        "dependencies": {
          "Microsoft.Extensions.Caching.Abstractions": "9.0.13",
          "Microsoft.Extensions.DependencyInjection.Abstractions": "9.0.13",
          "Microsoft.Extensions.Logging.Abstractions": "9.0.13",
          "Microsoft.Extensions.Options": "9.0.13",
          "Microsoft.Extensions.Primitives": "9.0.13"
        }
      },
      "Microsoft.Extensions.Configuration.CommandLine": {
        "type": "Transitive",
        "resolved": "9.0.14",
        "contentHash": "QnhXHOSHHLbyTwXFol3ViXMoGigY3a9okHxdJwB+4LYwwyKZ9KHTwwAXuxqTLrXREdYXbjRWCw8LQQ4NL65LqA==",
        "dependencies": {
          "Microsoft.Extensions.Configuration": "9.0.14",
          "Microsoft.Extensions.Configuration.Abstractions": "9.0.14"
        }
      },
      "Microsoft.Extensions.Configuration.EnvironmentVariables": {
        "type": "Transitive",
        "resolved": "9.0.14",
        "contentHash": "4llj1N/mlNJLQj1iLcUx2E1tE3am2+qLOkvVrhrtaN1AEZnUGVPKN88vE9AaqLa5CozK5dne1BUJoqBOojrZBA==",
        "dependencies": {
          "Microsoft.Extensions.Configuration": "9.0.14",
          "Microsoft.Extensions.Configuration.Abstractions": "9.0.14"
        }
      },
      "Microsoft.Extensions.Configuration.FileExtensions": {
        "type": "Transitive",
        "resolved": "10.0.5",
        "contentHash": "OhTr0O79dP49734lLTqVveivVX9sDXxbI/8vjELAZTHXqoN90mdpgTAgwicJED42iaHMCcZcK6Bj+8wNyBikaw==",
        "dependencies": {
          "Microsoft.Extensions.Configuration": "10.0.5",
          "Microsoft.Extensions.Configuration.Abstractions": "10.0.5",
          "Microsoft.Extensions.FileProviders.Abstractions": "10.0.5",
          "Microsoft.Extensions.FileProviders.Physical": "10.0.5",
          "Microsoft.Extensions.Primitives": "10.0.5"
        }
      },
      "Microsoft.Extensions.Configuration.UserSecrets": {
        "type": "Transitive",
        "resolved": "9.0.14",
        "contentHash": "UOJO0d5wqnNZMssMjGa5rAPkv7MUTCx/m9FHqJ8cosopreMolQ35m0sAJNupDf/4yBQH5D12KzfJDsfZ+uuNYw==",
        "dependencies": {
          "Microsoft.Extensions.Configuration.Abstractions": "9.0.14",
          "Microsoft.Extensions.Configuration.Json": "9.0.14",
          "Microsoft.Extensions.FileProviders.Abstractions": "9.0.14",
          "Microsoft.Extensions.FileProviders.Physical": "9.0.14"
        }
      },
      "Microsoft.Extensions.DependencyModel": {
        "type": "Transitive",
        "resolved": "9.0.14",
        "contentHash": "3KI67cvKZqHMBffWushySB0FqrFphIK3mnxnN9YoBdjsTPzSSIMYej4cqtHM4LgFMHcO33C5ObOHqzls+7eJng=="
      },
      "Microsoft.Extensions.Diagnostics": {
        "type": "Transitive",
        "resolved": "9.0.14",
        "contentHash": "oNIPXGcgrrN6wlIjaaiN3jK4Pb+8eUi7xLyb3yueaZQXovci2g3/UdIYSdwqaTGHvIJEXpuceNW05UNvyVG0bA==",
        "dependencies": {
          "Microsoft.Extensions.Configuration": "9.0.14",
          "Microsoft.Extensions.Diagnostics.Abstractions": "9.0.14",
          "Microsoft.Extensions.Options.ConfigurationExtensions": "9.0.14"
        }
      },
      "Microsoft.Extensions.Diagnostics.Abstractions": {
        "type": "Transitive",
        "resolved": "9.0.14",
        "contentHash": "w6Zc/2QvDXMoewCcAkIAg/n1nsoe4o7kdbw7zf6qDsRuGPpM8oniMcqKJWvs7OMB7v9gUT5tNzK4rn4wyIybSA==",
        "dependencies": {
          "Microsoft.Extensions.DependencyInjection.Abstractions": "9.0.14",
          "Microsoft.Extensions.Options": "9.0.14"
        }
      },
      "Microsoft.Extensions.FileProviders.Abstractions": {
        "type": "Transitive",
        "resolved": "10.0.5",
        "contentHash": "nCBmCx0Xemlu65ZiWMcXbvfvtznKxf4/YYKF9R28QkqdI9lTikedGqzJ28/xmdGGsxUnsP5/3TQGpiPwVjK0dA==",
        "dependencies": {
          "Microsoft.Extensions.Primitives": "10.0.5"
        }
      },
      "Microsoft.Extensions.FileProviders.Physical": {
        "type": "Transitive",
        "resolved": "10.0.5",
        "contentHash": "dMu5kUPSfol1Rqhmr6nWPSmbFjDe9w6bkoKithG17bWTZA0UyKirTatM5mqYUN3mGpNA0MorlusIoVTh6J7o5g==",
        "dependencies": {
          "Microsoft.Extensions.FileProviders.Abstractions": "10.0.5",
          "Microsoft.Extensions.FileSystemGlobbing": "10.0.5",
          "Microsoft.Extensions.Primitives": "10.0.5"
        }
      },
      "Microsoft.Extensions.FileSystemGlobbing": {
        "type": "Transitive",
        "resolved": "10.0.5",
        "contentHash": "mOE3ARusNQR0a5x8YOcnUbfyyXGqoAWQtEc7qFOfNJgruDWQLo39Re+3/Lzj5pLPFuFYj8hN4dgKzaSQDKiOCw=="
      },
      "Microsoft.Extensions.Hosting": {
        "type": "Transitive",
        "resolved": "9.0.14",
        "contentHash": "LbdbRls0LcTwF39hcCg6NG2MMezFKMRAjLRfnTbPCaAwcdvD9Dh3ILD/fQ69bUA1Il4P2r0j9nPlxpwRPY2ncQ==",
        "dependencies": {
          "Microsoft.Extensions.Configuration": "9.0.14",
          "Microsoft.Extensions.Configuration.Abstractions": "9.0.14",
          "Microsoft.Extensions.Configuration.Binder": "9.0.14",
          "Microsoft.Extensions.Configuration.CommandLine": "9.0.14",
          "Microsoft.Extensions.Configuration.EnvironmentVariables": "9.0.14",
          "Microsoft.Extensions.Configuration.FileExtensions": "9.0.14",
          "Microsoft.Extensions.Configuration.Json": "9.0.14",
          "Microsoft.Extensions.Configuration.UserSecrets": "9.0.14",
          "Microsoft.Extensions.DependencyInjection": "9.0.14",
          "Microsoft.Extensions.DependencyInjection.Abstractions": "9.0.14",
          "Microsoft.Extensions.Diagnostics": "9.0.14",
          "Microsoft.Extensions.FileProviders.Abstractions": "9.0.14",
          "Microsoft.Extensions.FileProviders.Physical": "9.0.14",
          "Microsoft.Extensions.Hosting.Abstractions": "9.0.14",
          "Microsoft.Extensions.Logging": "9.0.14",
          "Microsoft.Extensions.Logging.Abstractions": "9.0.14",
          "Microsoft.Extensions.Logging.Configuration": "9.0.14",
          "Microsoft.Extensions.Logging.Console": "9.0.14",
          "Microsoft.Extensions.Logging.Debug": "9.0.14",
          "Microsoft.Extensions.Logging.EventLog": "9.0.14",
          "Microsoft.Extensions.Logging.EventSource": "9.0.14",
          "Microsoft.Extensions.Options": "9.0.14"
        }
      },
      "Microsoft.Extensions.Hosting.Abstractions": {
        "type": "Transitive",
        "resolved": "9.0.14",
        "contentHash": "OYqHzVwHZ1u43vFkO6WQk8olZ/G+Lzrcbv+6h0ufJNfOA2NSLuyhDT0k9paaViBxvKEbOU2L+s2zLcprtZGDvA==",
        "dependencies": {
          "Microsoft.Extensions.Configuration.Abstractions": "9.0.14",
          "Microsoft.Extensions.DependencyInjection.Abstractions": "9.0.14",
          "Microsoft.Extensions.Diagnostics.Abstractions": "9.0.14",
          "Microsoft.Extensions.FileProviders.Abstractions": "9.0.14",
          "Microsoft.Extensions.Logging.Abstractions": "9.0.14"
        }
      },
      "Microsoft.Extensions.Logging": {
        "type": "Transitive",
        "resolved": "9.0.14",
        "contentHash": "z1VeGpJzXezF8DJScU7q4NS30NC/X5tnmv/F6t8AWu4PG4oGX2cVGcfaRRxaFLS1Kq77hd4f8xqySj5F8VZImQ==",
        "dependencies": {
          "Microsoft.Extensions.DependencyInjection": "9.0.14",
          "Microsoft.Extensions.Logging.Abstractions": "9.0.14",
          "Microsoft.Extensions.Options": "9.0.14"
        }
      },
      "Microsoft.Extensions.Logging.Abstractions": {
        "type": "Transitive",
        "resolved": "9.0.14",
        "contentHash": "uodlxeHHtvEgrAXzHa5T+ESnQhxCk/QSONpiabWjZ8Hn+PcMkXtmbX8YkL1XcFGHqj7hZXUAe2pq7gBptPTz2Q==",
        "dependencies": {
          "Microsoft.Extensions.DependencyInjection.Abstractions": "9.0.14"
        }
      },
      "Microsoft.Extensions.Logging.Configuration": {
        "type": "Transitive",
        "resolved": "9.0.14",
        "contentHash": "3J3u4UBYtBwb21/42rOEQp+rjEOcZK30SdSgF0F9cmAnC0j2CKG8pFgMRFYpnwIjeeu9RY3eUglTZVbypVSpRQ==",
        "dependencies": {
          "Microsoft.Extensions.Configuration": "9.0.14",
          "Microsoft.Extensions.Configuration.Abstractions": "9.0.14",
          "Microsoft.Extensions.Configuration.Binder": "9.0.14",
          "Microsoft.Extensions.DependencyInjection.Abstractions": "9.0.14",
          "Microsoft.Extensions.Logging": "9.0.14",
          "Microsoft.Extensions.Logging.Abstractions": "9.0.14",
          "Microsoft.Extensions.Options": "9.0.14",
          "Microsoft.Extensions.Options.ConfigurationExtensions": "9.0.14"
        }
      },
      "Microsoft.Extensions.Logging.Console": {
        "type": "Transitive",
        "resolved": "9.0.14",
        "contentHash": "8r1FpTv+TAWUPtAK5u52sYuy66kBT3nOc2zZAnVdlM1iIyoOEHuu0llpLaCjJbbYTNnAxoQEQflILvkABm/eQA==",
        "dependencies": {
          "Microsoft.Extensions.DependencyInjection.Abstractions": "9.0.14",
          "Microsoft.Extensions.Logging": "9.0.14",
          "Microsoft.Extensions.Logging.Abstractions": "9.0.14",
          "Microsoft.Extensions.Logging.Configuration": "9.0.14",
          "Microsoft.Extensions.Options": "9.0.14"
        }
      },
      "Microsoft.Extensions.Logging.Debug": {
        "type": "Transitive",
        "resolved": "9.0.14",
        "contentHash": "Brw5bNbJG1JykuXlkJ0B/JxPHxrhlz9wY9iN8YoBFTYcKIUKkxdNk/ntWC7A1EnsRZ2ZpndxBT0NHW68Q3iwKw==",
        "dependencies": {
          "Microsoft.Extensions.DependencyInjection.Abstractions": "9.0.14",
          "Microsoft.Extensions.Logging": "9.0.14",
          "Microsoft.Extensions.Logging.Abstractions": "9.0.14"
        }
      },
      "Microsoft.Extensions.Logging.EventLog": {
        "type": "Transitive",
        "resolved": "9.0.14",
        "contentHash": "MFJ0hijS3lqgNMch11dPgd4ua1KOC5yiKqFFyDITVV7iGoaB6GBHS8c6kF4z3bQpT6gk1+fDwcLV2Won8m4a+w==",
        "dependencies": {
          "Microsoft.Extensions.DependencyInjection.Abstractions": "9.0.14",
          "Microsoft.Extensions.Logging": "9.0.14",
          "Microsoft.Extensions.Logging.Abstractions": "9.0.14",
          "Microsoft.Extensions.Options": "9.0.14",
          "System.Diagnostics.EventLog": "9.0.14"
        }
      },
      "Microsoft.Extensions.Logging.EventSource": {
        "type": "Transitive",
        "resolved": "9.0.14",
        "contentHash": "EVFY61lT5r7/ffEKWwn5AGb4OQYoc1c6it/gzo3o8PIyJ+T3Ux6bb4rkCoyMMEzUvN/9EbuJg9o+B2aTeFlzgA==",
        "dependencies": {
          "Microsoft.Extensions.DependencyInjection.Abstractions": "9.0.14",
          "Microsoft.Extensions.Logging": "9.0.14",
          "Microsoft.Extensions.Logging.Abstractions": "9.0.14",
          "Microsoft.Extensions.Options": "9.0.14",
          "Microsoft.Extensions.Primitives": "9.0.14"
        }
      },
      "Microsoft.Extensions.Options": {
        "type": "Transitive",
        "resolved": "9.0.14",
        "contentHash": "hwn0jONblkFl4k5qcDBKuE/BrLxgBN9OOttnoIRsJgDlsxhwuGoVaHJtWdpTg8adDRMlgMrgeuv8WjMG7UnfUg==",
        "dependencies": {
          "Microsoft.Extensions.DependencyInjection.Abstractions": "9.0.14",
          "Microsoft.Extensions.Primitives": "9.0.14"
        }
      },
      "Microsoft.Extensions.Options.ConfigurationExtensions": {
        "type": "Transitive",
        "resolved": "9.0.14",
        "contentHash": "JEru5Xno8+JzjqCeSzfCtmWqMv4Js1sw4yzflbGMoWe/3VmZlhWRIlbJDbbi78r222BmteOL0b0c/Wct6Jp1AA==",
        "dependencies": {
          "Microsoft.Extensions.Configuration.Abstractions": "9.0.14",
          "Microsoft.Extensions.Configuration.Binder": "9.0.14",
          "Microsoft.Extensions.DependencyInjection.Abstractions": "9.0.14",
          "Microsoft.Extensions.Options": "9.0.14",
          "Microsoft.Extensions.Primitives": "9.0.14"
        }
      },
      "Microsoft.Extensions.Primitives": {
        "type": "Transitive",
        "resolved": "10.0.5",
        "contentHash": "/HUHJ0tw/LQvD0DZrz50eQy/3z7PfX7WWEaXnjKTV9/TNdcgFlNTZGo49QhS7PTmhDqMyHRMqAXSBxLh0vso4g=="
      },
      "Microsoft.IdentityModel.Abstractions": {
        "type": "Transitive",
        "resolved": "8.16.0",
        "contentHash": "gSxKLWRZzBpIsEoeUPkxfywNCCvRvl7hkq146XHPk5vOQc9izSf1I+uL1vh4y2U19QPxd9Z8K/8AdWyxYz2lSg=="
      },
      "Microsoft.IdentityModel.JsonWebTokens": {
        "type": "Transitive",
        "resolved": "8.16.0",
        "contentHash": "prBU72cIP4V8E9fhN+o/YdskTsLeIcnKPbhZf0X6mD7fdxoZqnS/NdEkSr+9Zp+2q7OZBOMfNBKGbTbhXODO4w==",
        "dependencies": {
          "Microsoft.IdentityModel.Tokens": "8.16.0"
        }
      },
      "Microsoft.IdentityModel.Logging": {
        "type": "Transitive",
        "resolved": "8.16.0",
        "contentHash": "MTzXmETkNQPACR7/XCXM1OGM6oU9RkyibqeJRtO9Ndew2LnGjMf9Atqj2VSf4XC27X0FQycUAlzxxEgQMWn2xQ==",
        "dependencies": {
          "Microsoft.IdentityModel.Abstractions": "8.16.0"
        }
      },
      "Microsoft.IdentityModel.Protocols": {
        "type": "Transitive",
        "resolved": "8.16.0",
        "contentHash": "UFrU7d46UTsPQTa2HIEIpB9H1uJe1BW9FLw5uhEJ2ZuKdur8bcUA/bO5caq5dlBt5gNJeRIB3QQXYNs5fCQCZA==",
        "dependencies": {
          "Microsoft.IdentityModel.Tokens": "8.16.0"
        }
      },
      "Microsoft.IdentityModel.Protocols.OpenIdConnect": {
        "type": "Transitive",
        "resolved": "8.16.0",
        "contentHash": "h4yVXyJsEBBX5lg2G5ftMsi5JzcNEGAzrNphA6DQ6eOd8P0s+cDCOyPwVTYLePZvJL5unbPvYIvzrbTXzFjXnQ==",
        "dependencies": {
          "Microsoft.IdentityModel.Protocols": "8.16.0",
          "System.IdentityModel.Tokens.Jwt": "8.16.0"
        }
      },
      "Microsoft.IdentityModel.Tokens": {
        "type": "Transitive",
        "resolved": "8.16.0",
        "contentHash": "rtViGJcGsN7WcfUNErwNeQgjuU5cJNl6FDQsfi9TncwO+Epzn0FTfBsg3YuFW1Q0Ch/KPxaVdjLw3/+5Z5ceFQ==",
        "dependencies": {
          "Microsoft.Extensions.Logging.Abstractions": "8.0.0",
          "Microsoft.IdentityModel.Logging": "8.16.0"
        }
      },
      "Microsoft.NETCore.Platforms": {
        "type": "Transitive",
        "resolved": "5.0.0",
        "contentHash": "VyPlqzH2wavqquTcYpkIIAQ6WdenuKoFN0BdYBbCWsclXacSOHNQn66Gt4z5NBqEYW0FAPm5rlvki9ZiCij5xQ=="
      },
      "Microsoft.OpenApi": {
        "type": "Transitive",
        "resolved": "1.2.3",
        "contentHash": "Nug3rO+7Kl5/SBAadzSMAVgqDlfGjJZ0GenQrLywJ84XGKO0uRqkunz5Wyl0SDwcR71bAATXvSdbdzPrYRYKGw=="
      },
      "Microsoft.SqlServer.Server": {
        "type": "Transitive",
        "resolved": "1.0.0",
        "contentHash": "N4KeF3cpcm1PUHym1RmakkzfkEv3GRMyofVv40uXsQhCQeglr2OHNcUk2WOG51AKpGO8ynGpo9M/kFXSzghwug=="
      },
      "Microsoft.Testing.Extensions.Telemetry": {
        "type": "Transitive",
        "resolved": "1.9.1",
        "contentHash": "No5AudZMmSb+uNXjlgL2y3/stHD2IT4uxqc5yHwkE+/nNux9jbKcaJMvcp9SwgP4DVD8L9/P3OUz8mmmcvEIdQ==",
        "dependencies": {
          "Microsoft.ApplicationInsights": "2.23.0",
          "Microsoft.Testing.Platform": "1.9.1"
        }
      },
      "Microsoft.Testing.Extensions.TrxReport.Abstractions": {
        "type": "Transitive",
        "resolved": "1.9.1",
        "contentHash": "AL46Xe1WBi85Ntd4mNPvat5ZSsZ2uejiVqoKCypr8J3wK0elA5xJ3AN4G/Q4GIwzUFnggZoH/DBjnr9J18IO/g==",
        "dependencies": {
          "Microsoft.Testing.Platform": "1.9.1"
        }
      },
      "Microsoft.Testing.Platform": {
        "type": "Transitive",
        "resolved": "1.9.1",
        "contentHash": "QafNtNSmEI0zazdebnsIkDKmFtTSpmx/5PLOjURWwozcPb3tvRxzosQSL8xwYNM1iPhhKiBksXZyRSE2COisrA=="
      },
      "Microsoft.Testing.Platform.MSBuild": {
        "type": "Transitive",
        "resolved": "1.9.1",
        "contentHash": "oTUtyR4X/s9ytuiNA29FGsNCCH0rNmY5Wdm14NCKLjTM1cT9edVSlA+rGS/mVmusPqcP0l/x9qOnMXg16v87RQ==",
        "dependencies": {
          "Microsoft.Testing.Platform": "1.9.1"
        }
      },
      "Microsoft.TestPlatform.ObjectModel": {
        "type": "Transitive",
        "resolved": "18.3.0",
        "contentHash": "AEIEX2aWdPO9XbtR96eBaJxmXRD9vaI9uQ1T/JbPEKlTAZwYx0ZrMzKyULMdh/HH9Sg03kXCoN7LszQ90o6nPQ==",
        "dependencies": {
          "System.Reflection.Metadata": "8.0.0"
        }
      },
      "Microsoft.TestPlatform.TestHost": {
        "type": "Transitive",
        "resolved": "18.3.0",
        "contentHash": "twmsoelXnp1uWMU3VGip9f0Jr1mZ0PZqgJdF35CIrdYgYrkHIJMV1m8uKyhcdjLdsQDESHAgkR7KhS9i1qpJag==",
        "dependencies": {
          "Microsoft.TestPlatform.ObjectModel": "18.3.0",
          "Newtonsoft.Json": "13.0.3"
        }
      },
      "Microsoft.Win32.Registry": {
        "type": "Transitive",
        "resolved": "5.0.0",
        "contentHash": "dDoKi0PnDz31yAyETfRntsLArTlVAVzUzCIvvEDsDsucrl33Dl8pIJG06ePTJTI3tGpeyHS9Cq7Foc/s4EeKcg==",
        "dependencies": {
          "System.Security.AccessControl": "5.0.0",
          "System.Security.Principal.Windows": "5.0.0"
        }
      },
      "Newtonsoft.Json": {
        "type": "Transitive",
        "resolved": "13.0.3",
        "contentHash": "HrC5BXdl00IP9zeV+0Z848QWPAoCr9P3bDEZguI+gkLcBKAOxix/tLEAAHC+UvDNPv4a2d18lOReHMOagPa+zQ=="
      },
      "SharpZipLib": {
        "type": "Transitive",
        "resolved": "1.4.2",
        "contentHash": "yjj+3zgz8zgXpiiC3ZdF/iyTBbz2fFvMxZFEBPUcwZjIvXOf37Ylm+K58hqMfIBt5JgU/Z2uoUS67JmTLe973A=="
      },
      "SQLitePCLRaw.bundle_e_sqlite3": {
        "type": "Transitive",
        "resolved": "2.1.11",
        "contentHash": "DC4nA7yWnf4UZdgJDF+9Mus4/cb0Y3Sfgi3gDnAoKNAIBwzkskNAbNbyu+u4atT0ruVlZNJfwZmwiEwE5oz9LQ==",
        "dependencies": {
          "SQLitePCLRaw.lib.e_sqlite3": "2.1.11",
          "SQLitePCLRaw.provider.e_sqlite3": "2.1.11"
        }
      },
      "SQLitePCLRaw.core": {
        "type": "Transitive",
        "resolved": "2.1.11",
        "contentHash": "PK0GLFkfhZzLQeR3PJf71FmhtHox+U3vcY6ZtswoMjrefkB9k6ErNJEnwXqc5KgXDSjige2XXrezqS39gkpQKA==",
        "dependencies": {
          "System.Memory": "4.5.3"
        }
      },
      "SQLitePCLRaw.lib.e_sqlite3": {
        "type": "Transitive",
        "resolved": "2.1.11",
        "contentHash": "Ev2ytaXiOlWZ4b3R67GZBsemTINslLD1DCJr2xiacpn4tbapu0Q4dHEzSvZSMnVWeE5nlObU3VZN2p81q3XOYQ=="
      },
      "SQLitePCLRaw.provider.e_sqlite3": {
        "type": "Transitive",
        "resolved": "2.1.11",
        "contentHash": "Y/0ZkR+r0Cg3DQFuCl1RBnv/tmxpIZRU3HUvelPw6MVaKHwYYR8YNvgs0vuNuXCMvlyJ+Fh88U1D4tah1tt6qw==",
        "dependencies": {
          "SQLitePCLRaw.core": "2.1.11"
        }
      },
      "SSH.NET": {
        "type": "Transitive",
        "resolved": "2025.1.0",
        "contentHash": "jrnbtf0ItVaXAe6jE8X/kSLa6uC+0C+7W1vepcnRQB/rD88qy4IxG7Lf1FIbWmkoc4iVXv0pKrz+Wc6J4ngmHw==",
        "dependencies": {
          "BouncyCastle.Cryptography": "2.6.2",
          "Microsoft.Extensions.Logging.Abstractions": "8.0.3"
        }
      },
      "Swashbuckle.AspNetCore.Swagger": {
        "type": "Transitive",
        "resolved": "6.5.0",
        "contentHash": "XWmCmqyFmoItXKFsQSwQbEAsjDKcxlNf1l+/Ki42hcb6LjKL8m5Db69OTvz5vLonMSRntYO1XLqz0OP+n3vKnA==",
        "dependencies": {
          "Microsoft.OpenApi": "1.2.3"
        }
      },
      "Swashbuckle.AspNetCore.SwaggerGen": {
        "type": "Transitive",
        "resolved": "6.5.0",
        "contentHash": "Y/qW8Qdg9OEs7V013tt+94OdPxbRdbhcEbw4NiwGvf4YBcfhL/y7qp/Mjv/cENsQ2L3NqJ2AOu94weBy/h4KvA==",
        "dependencies": {
          "Swashbuckle.AspNetCore.Swagger": "6.5.0"
        }
      },
      "Swashbuckle.AspNetCore.SwaggerUI": {
        "type": "Transitive",
        "resolved": "6.5.0",
        "contentHash": "OvbvxX+wL8skxTBttcBsVxdh73Fag4xwqEU2edh4JMn7Ws/xJHnY/JB1e9RoCb6XpDxUF3hD9A0Z1lEUx40Pfw=="
      },
      "System.Collections.Immutable": {
        "type": "Transitive",
        "resolved": "8.0.0",
        "contentHash": "AurL6Y5BA1WotzlEvVaIDpqzpIPvYnnldxru8oXJU2yFxFUy3+pNXjXd1ymO+RA0rq0+590Q8gaz2l3Sr7fmqg=="
      },
      "System.Configuration.ConfigurationManager": {
        "type": "Transitive",
        "resolved": "9.0.13",
        "contentHash": "GbBrJq9S/gYpHzm7Pxx6Y5tDyfSfyxW6tlP5oiKJV38uf19Wp+GIIAnWfyL1zmNiz1+EjwVapw2WkBFvvqKQzg==",
        "dependencies": {
          "System.Diagnostics.EventLog": "9.0.13",
          "System.Security.Cryptography.ProtectedData": "9.0.13"
        }
      },
      "System.Diagnostics.DiagnosticSource": {
        "type": "Transitive",
        "resolved": "5.0.0",
        "contentHash": "tCQTzPsGZh/A9LhhA6zrqCRV4hOHsK90/G7q3Khxmn6tnB1PuNU0cRaKANP2AWcF9bn0zsuOoZOSrHuJk6oNBA=="
      },
      "System.Diagnostics.EventLog": {
        "type": "Transitive",
        "resolved": "9.0.14",
        "contentHash": "65Z5r1XOAN4dqohIoWSDf+9iq3V1xVRdpS03LMvnRdlrEH+zAJ80PFbvqaRXtgG6VbQZTnCB2zqJP9Q/RjaQsw=="
      },
      "System.IdentityModel.Tokens.Jwt": {
        "type": "Transitive",
        "resolved": "8.16.0",
        "contentHash": "rrs2u7DRMXQG2yh0oVyF/vLwosfRv20Ld2iEpYcKwQWXHjfV+gFXNQsQ9p008kR9Ou4pxBs68Q6/9zC8Gi1wjg==",
        "dependencies": {
          "Microsoft.IdentityModel.JsonWebTokens": "8.16.0",
          "Microsoft.IdentityModel.Tokens": "8.16.0"
        }
      },
      "System.IO.Pipelines": {
        "type": "Transitive",
        "resolved": "10.0.5",
        "contentHash": "8/ZHN/j2y1t+7McdCf1wXku2/c7wtrGLz3WQabIoPuLAn3bHDWT6YOJYreJq8sCMPSo6c8iVYXUdLlFGX5PEqw=="
      },
      "System.Memory": {
        "type": "Transitive",
        "resolved": "4.5.3",
        "contentHash": "3oDzvc/zzetpTKWMShs1AADwZjQ/36HnsufHRPcOjyRAAMLDlu2iD33MBI2opxnezcVUtXyqDXXjoFMOU9c7SA=="
      },
      "System.Reflection.Metadata": {
        "type": "Transitive",
        "resolved": "8.0.0",
        "contentHash": "ptvgrFh7PvWI8bcVqG5rsA/weWM09EnthFHR5SCnS6IN+P4mj6rE1lBDC4U8HL9/57htKAqy4KQ3bBj84cfYyQ==",
        "dependencies": {
          "System.Collections.Immutable": "8.0.0"
        }
      },
      "System.Security.AccessControl": {
        "type": "Transitive",
        "resolved": "5.0.0",
        "contentHash": "dagJ1mHZO3Ani8GH0PHpPEe/oYO+rVdbQjvjJkBRNQkX4t0r1iaeGn8+/ybkSLEan3/slM0t59SVdHzuHf2jmw==",
        "dependencies": {
          "Microsoft.NETCore.Platforms": "5.0.0",
          "System.Security.Principal.Windows": "5.0.0"
        }
      },
      "System.Security.Cryptography.Pkcs": {
        "type": "Transitive",
        "resolved": "9.0.13",
        "contentHash": "dxJhkuoaelvWy588wPXjShNks+ZMiSgXnN75/u+DPbER5PqKrLPDftE0BvGM7nDK/scQAVlD+gRXlCAAjWi58Q=="
      },
      "System.Security.Cryptography.ProtectedData": {
        "type": "Transitive",
        "resolved": "9.0.13",
        "contentHash": "t8S9IDpjJKsLpLkeBdW8cWtcPyYqrGu93Dej1RO6WwuL/lkFSqWlan3rMJfortqz1mRIh+sys2AFsSA6jWJ3Jg=="
      },
      "System.Security.Principal.Windows": {
        "type": "Transitive",
        "resolved": "5.0.0",
        "contentHash": "t0MGLukB5WAVU9bO3MGzvlGnyJPgUlcwerXn1kzBRjwLKixT96XV0Uza41W49gVd8zEMFu9vQEFlv0IOrytICA=="
      },
      "System.Text.Encodings.Web": {
        "type": "Transitive",
        "resolved": "10.0.5",
        "contentHash": "opvD/nKTzGKA7GVntZ9L823kN6IxgHQfuxY+VI9gv8VE1Y7CSKoi/QS1EYDQiA63MqtZsD7X6zkISd2ZQJohTQ=="
      },
      "xunit.analyzers": {
        "type": "Transitive",
        "resolved": "1.27.0",
        "contentHash": "y/pxIQaLvk/kxAoDkZW9GnHLCEqzwl5TW0vtX3pweyQpjizB9y3DXhb9pkw2dGeUqhLjsxvvJM1k89JowU6z3g=="
      },
      "xunit.v3.assert": {
        "type": "Transitive",
        "resolved": "3.2.2",
        "contentHash": "BPciBghgEEaJN/JG00QfCYDfEfnLgQhfnYEy+j1izoeHVNYd5+3Wm8GJ6JgYysOhpBPYGE+sbf75JtrRc7jrdA=="
      },
      "xunit.v3.common": {
        "type": "Transitive",
        "resolved": "3.2.2",
        "contentHash": "Hj775PEH6GTbbg0wfKRvG2hNspDCvTH9irXhH4qIWgdrOSV1sQlqPie+DOvFeigsFg2fxSM3ZAaaCDQs+KreFA==",
        "dependencies": {
          "Microsoft.Bcl.AsyncInterfaces": "6.0.0"
        }
      },
      "xunit.v3.core.mtp-v1": {
        "type": "Transitive",
        "resolved": "3.2.2",
        "contentHash": "Ga5aA2Ca9ktz+5k3g5ukzwfexwoqwDUpV6z7atSEUvqtd6JuybU1XopHqg1oFd78QdTfZgZE9h5sHpO4qYIi5w==",
        "dependencies": {
          "Microsoft.Testing.Extensions.Telemetry": "1.9.1",
          "Microsoft.Testing.Extensions.TrxReport.Abstractions": "1.9.1",
          "Microsoft.Testing.Platform": "1.9.1",
          "Microsoft.Testing.Platform.MSBuild": "1.9.1",
          "xunit.v3.extensibility.core": "[3.2.2]",
          "xunit.v3.runner.inproc.console": "[3.2.2]"
        }
      },
      "xunit.v3.mtp-v1": {
        "type": "Transitive",
        "resolved": "3.2.2",
        "contentHash": "O41aAzYKBT5PWqATa1oEWVNCyEUypFQ4va6K0kz37dduV3EKzXNMaV2UnEhufzU4Cce1I33gg0oldS8tGL5I0A==",
        "dependencies": {
          "xunit.analyzers": "1.27.0",
          "xunit.v3.assert": "[3.2.2]",
          "xunit.v3.core.mtp-v1": "[3.2.2]"
        }
      },
      "xunit.v3.runner.common": {
        "type": "Transitive",
        "resolved": "3.2.2",
        "contentHash": "/hkHkQCzGrugelOAehprm7RIWdsUFVmIVaD6jDH/8DNGCymTlKKPTbGokD5czbAfqfex47mBP0sb0zbHYwrO/g==",
        "dependencies": {
          "Microsoft.Win32.Registry": "[5.0.0]",
          "xunit.v3.common": "[3.2.2]"
        }
      },
      "xunit.v3.runner.inproc.console": {
        "type": "Transitive",
        "resolved": "3.2.2",
        "contentHash": "ulWOdSvCk+bPXijJZ73bth9NyoOHsAs1ZOvamYbCkD4DNLX/Bd29Ve2ZNUwBbK0MqfIYWXHZViy/HKrdEC/izw==",
        "dependencies": {
          "xunit.v3.extensibility.core": "[3.2.2]",
          "xunit.v3.runner.common": "[3.2.2]"
        }
      },
      "notorioustest": {
        "type": "Project",
        "dependencies": {
          "Microsoft.Data.Sqlite": "[10.0.5, )",
          "Microsoft.Extensions.Configuration": "[10.0.5, )",
          "Microsoft.Extensions.Configuration.Abstractions": "[10.0.5, )",
          "Microsoft.Extensions.Configuration.Binder": "[10.0.5, )",
          "Microsoft.Extensions.Configuration.Json": "[10.0.5, )",
          "Microsoft.Extensions.DependencyInjection": "[10.0.5, )",
          "Microsoft.Extensions.DependencyInjection.Abstractions": "[10.0.5, )",
          "NotoriousTest.Core": "[4.0.0, )",
          "NotoriousTest.SqlLiteRegistry": "[4.0.0, )",
          "NotoriousTest.TestSettings": "[4.0.0, )",
          "NotoriousTest.Watchdog": "[4.0.0, )"
        }
      },
      "notorioustest.core": {
        "type": "Project",
        "dependencies": {
          "Microsoft.Extensions.Configuration.Abstractions": "[10.0.5, )",
          "Microsoft.Extensions.Configuration.Binder": "[10.0.5, )",
          "Microsoft.Extensions.DependencyInjection": "[10.0.5, )",
          "Microsoft.Extensions.DependencyInjection.Abstractions": "[10.0.5, )"
        }
      },
      "notorioustest.database": {
        "type": "Project",
        "dependencies": {
          "NotoriousTest.Core": "[4.0.0, )",
          "NotoriousTest.TestContainers": "[4.0.0, )",
          "Respawn": "[7.0.0, )"
        }
      },
      "notorioustest.sqlliteregistry": {
        "type": "Project",
        "dependencies": {
          "Dapper": "[2.1.72, )",
          "Microsoft.Data.Sqlite": "[10.0.5, )",
          "NotoriousTest.Core": "[4.0.0, )",
          "System.Text.Json": "[10.0.5, )"
        }
      },
      "notorioustest.sqlserver": {
        "type": "Project",
        "dependencies": {
          "Microsoft.Data.SqlClient": "[7.0.0, )",
          "NotoriousTest.Core": "[4.0.0, )",
          "NotoriousTest.Database": "[4.0.0, )",
          "NotoriousTest.TestContainers": "[4.0.0, )",
          "Respawn": "[7.0.0, )",
          "Testcontainers.MsSql": "[4.11.0, )"
        }
      },
      "notorioustest.testcontainers": {
        "type": "Project",
        "dependencies": {
          "NotoriousTest.Core": "[4.0.0, )",
          "Testcontainers": "[4.11.0, )"
        }
      },
      "notorioustest.testsettings": {
        "type": "Project",
        "dependencies": {
          "Microsoft.Extensions.Configuration": "[10.0.5, )",
          "Microsoft.Extensions.Configuration.Json": "[10.0.5, )",
          "NotoriousTest.Core": "[4.0.0, )"
        }
      },
      "notorioustest.watchdog": {
        "type": "Project",
        "dependencies": {
          "NotoriousTest.Core": "[4.0.0, )",
          "NotoriousTest.SqlLiteRegistry": "[4.0.0, )"
        }
      },
      "notorioustest.web": {
        "type": "Project",
        "dependencies": {
          "Microsoft.AspNetCore.Mvc.Testing": "[9.0.*, )",
          "NotoriousTest": "[4.0.0, )",
          "NotoriousTest.Core": "[4.0.0, )",
          "NotoriousTest.TestContainers": "[4.0.0, )",
          "xunit.v3.extensibility.core": "[3.2.2, )"
        }
      },
      "notorioustest.xunit": {
        "type": "Project",
        "dependencies": {
          "NotoriousTest": "[4.0.0, )",
          "NotoriousTest.Core": "[4.0.0, )",
          "xunit.v3.extensibility.core": "[3.2.2, )"
        }
      },
      "notorioustests.infrastructuressamples.testwebapp": {
        "type": "Project",
        "dependencies": {
          "Microsoft.Data.SqlClient": "[7.0.0, )",
          "Swashbuckle.AspNetCore": "[6.5.0, )"
        }
      },
      "Dapper": {
        "type": "CentralTransitive",
        "requested": "[2.1.72, )",
        "resolved": "2.1.72",
        "contentHash": "ns4mGqQd9a/MhP8m6w556vVlZIa0/MfUu03zrxjZC/jlr1uVCsUac8bkdB+Fs98Llbd56rRSo1eZH5VVmeGZyw=="
      },
      "Microsoft.Data.SqlClient": {
        "type": "CentralTransitive",
        "requested": "[7.0.0, )",
        "resolved": "7.0.0",
        "contentHash": "/oolEwtHuDtpLKU8OItOTTxVJalgPtIkcNBwzXJ3YGyrkOAvLYqMtin9Z1jxqryJpds3PjuZBF5iKIYVVYVSvQ==",
        "dependencies": {
          "Microsoft.Bcl.Cryptography": "9.0.13",
          "Microsoft.Data.SqlClient.Extensions.Abstractions": "1.0.0",
          "Microsoft.Data.SqlClient.Internal.Logging": "1.0.0",
          "Microsoft.Data.SqlClient.SNI.runtime": "6.0.2",
          "Microsoft.Extensions.Caching.Memory": "9.0.13",
          "Microsoft.IdentityModel.JsonWebTokens": "8.16.0",
          "Microsoft.IdentityModel.Protocols.OpenIdConnect": "8.16.0",
          "Microsoft.SqlServer.Server": "1.0.0",
          "System.Configuration.ConfigurationManager": "9.0.13",
          "System.Security.Cryptography.Pkcs": "9.0.13"
        }
      },
      "Microsoft.Data.Sqlite": {
        "type": "CentralTransitive",
        "requested": "[10.0.5, )",
        "resolved": "10.0.5",
        "contentHash": "y4noWO5q8tav8I/JyOhuWxII+1KrXCLuhjXdP1GRd3PvVf/IlgL+eQlikp9DyCrybQxS/0ZO7Me/X6c22MjSaQ==",
        "dependencies": {
          "Microsoft.Data.Sqlite.Core": "10.0.5",
          "SQLitePCLRaw.bundle_e_sqlite3": "2.1.11",
          "SQLitePCLRaw.core": "2.1.11"
        }
      },
      "Microsoft.Data.Sqlite.Core": {
        "type": "CentralTransitive",
        "requested": "[10.0.5, )",
        "resolved": "10.0.5",
        "contentHash": "jFYXnh7s0RShCw6Vkf+ReGCw+mVi7ISg1YaEzYCJcXnUifmbW+aqvCsRJuSRj2ZuQ+oqetpjxlZtbpMmk5FKqQ==",
        "dependencies": {
          "SQLitePCLRaw.core": "2.1.11"
        }
      },
      "Microsoft.Extensions.Configuration": {
        "type": "CentralTransitive",
        "requested": "[10.0.5, )",
        "resolved": "10.0.5",
        "contentHash": "8Rx5sqg04FttxrumyG6bmoRuFRgYzK6IVwF1i0/o0cXfKBdDeVpJejKHtJCMjyg9E/DNMVqpqOGe/tCT5gYvVA==",
        "dependencies": {
          "Microsoft.Extensions.Configuration.Abstractions": "10.0.5",
          "Microsoft.Extensions.Primitives": "10.0.5"
        }
      },
      "Microsoft.Extensions.Configuration.Abstractions": {
        "type": "CentralTransitive",
        "requested": "[10.0.5, )",
        "resolved": "10.0.5",
        "contentHash": "P09QpTHjqHmCLQOTC+WyLkoRNxek4NIvfWt+TnU0etoDUSRxcltyd6+j/ouRbMdLR0j44GqGO+lhI2M4fAHG4g==",
        "dependencies": {
          "Microsoft.Extensions.Primitives": "10.0.5"
        }
      },
      "Microsoft.Extensions.Configuration.Binder": {
        "type": "CentralTransitive",
        "requested": "[10.0.5, )",
        "resolved": "10.0.5",
        "contentHash": "99Z4rjyXopb1MIazDSPcvwYCUdYNO01Cf1GUs2WUjIFAbkGmwzj2vPa2k+3pheJRV+YgNd2QqRKHAri0oBAU4Q==",
        "dependencies": {
          "Microsoft.Extensions.Configuration": "10.0.5",
          "Microsoft.Extensions.Configuration.Abstractions": "10.0.5"
        }
      },
      "Microsoft.Extensions.Configuration.Json": {
        "type": "CentralTransitive",
        "requested": "[10.0.5, )",
        "resolved": "10.0.5",
        "contentHash": "brBM/WP0YAUYh2+QqSYVdK8eQHYQTtTEUJXJ+84Zkdo2buGLja9VSrMIhgoeBUU7JBmcskAib8Lb/N83bvxgYQ==",
        "dependencies": {
          "Microsoft.Extensions.Configuration": "10.0.5",
          "Microsoft.Extensions.Configuration.Abstractions": "10.0.5",
          "Microsoft.Extensions.Configuration.FileExtensions": "10.0.5",
          "Microsoft.Extensions.FileProviders.Abstractions": "10.0.5",
          "System.Text.Json": "10.0.5"
        }
      },
      "Microsoft.Extensions.DependencyInjection": {
        "type": "CentralTransitive",
        "requested": "[10.0.5, )",
        "resolved": "10.0.5",
        "contentHash": "v1SVsowG6YE1YnHVGmLWz57YTRCQRx9pH5ebIESXfm5isI9gA3QaMyg/oMTzPpXYZwSAVDzYItGJKfmV+pqXkQ==",
        "dependencies": {
          "Microsoft.Extensions.DependencyInjection.Abstractions": "10.0.5"
        }
      },
      "Microsoft.Extensions.DependencyInjection.Abstractions": {
        "type": "CentralTransitive",
        "requested": "[10.0.5, )",
        "resolved": "10.0.5",
        "contentHash": "iVMtq9eRvzyhx8949EGT0OCYJfXi737SbRVzWXE5GrOgGj5AaZ9eUuxA/BSUfmOMALKn/g8KfFaNQw0eiB3lyA=="
      },
      "Swashbuckle.AspNetCore": {
        "type": "CentralTransitive",
        "requested": "[6.5.0, )",
        "resolved": "6.5.0",
        "contentHash": "FK05XokgjgwlCI6wCT+D4/abtQkL1X1/B9Oas6uIwHFmYrIO9WUD5aLC9IzMs9GnHfUXOtXZ2S43gN1mhs5+aA==",
        "dependencies": {
          "Microsoft.Extensions.ApiDescription.Server": "6.0.5",
          "Swashbuckle.AspNetCore.Swagger": "6.5.0",
          "Swashbuckle.AspNetCore.SwaggerGen": "6.5.0",
          "Swashbuckle.AspNetCore.SwaggerUI": "6.5.0"
        }
      },
      "System.Text.Json": {
        "type": "CentralTransitive",
        "requested": "[10.0.5, )",
        "resolved": "10.0.5",
        "contentHash": "vW2zhkWziyfhoSXNf42mTWyilw+vfwBGOsODDsHSFtOIY6LCgfRVUyaAilLEL4Kc1fzhaxcep5pS0VWYPSDW0w==",
        "dependencies": {
          "System.IO.Pipelines": "10.0.5",
          "System.Text.Encodings.Web": "10.0.5"
        }
      },
      "Testcontainers": {
        "type": "CentralTransitive",
        "requested": "[4.11.0, )",
        "resolved": "4.11.0",
        "contentHash": "9pBNaK9Ra3GVnr5h6gaDJOBH0txA5G3Juho5WANPuyu38l5xyr2lCvf11oA5/uSd+Lh4Wtng34nKp3nMiea02g==",
        "dependencies": {
          "Docker.DotNet.Enhanced": "3.131.1",
          "Docker.DotNet.Enhanced.X509": "3.131.1",
          "Microsoft.Extensions.Logging.Abstractions": "8.0.3",
          "SSH.NET": "2025.1.0",
          "SharpZipLib": "1.4.2"
        }
      },
      "Testcontainers.MsSql": {
        "type": "CentralTransitive",
        "requested": "[4.11.0, )",
        "resolved": "4.11.0",
        "contentHash": "fXpcLKg6MgryR/e0FCF8KbhpOyDOkMjryKLRhp0zUIvJNckxXvqCuARZyTm7mO0FnhXObjVP5xyIo2fi8axFCg==",
        "dependencies": {
          "Testcontainers": "4.11.0"
        }
      },
      "xunit.v3.extensibility.core": {
        "type": "CentralTransitive",
        "requested": "[3.2.2, )",
        "resolved": "3.2.2",
        "contentHash": "srY8z/oMPvh/t8axtO2DwrHajhFMH7tnqKildvYrVQIfICi8fOn3yIBWkVPAcrKmHMwvXRJ/XsQM3VMR6DOYfQ==",
        "dependencies": {
          "xunit.v3.common": "[3.2.2]"
        }
      }
    }
  }
}